// !$*UTF8*$!
{
	archiveVersion = 1;
	classes = {
	};
	objectVersion = 56;
	objects = {

/* Begin PBXBuildFile section */
		A10000000000000000000001 /* EPlusIOSApp.swift in Sources */ = {isa = PBXBuildFile; fileRef = A10000000000000000000011 /* EPlusIOSApp.swift */; };
		A10000000000000000000002 /* ContentView.swift in Sources */ = {isa = PBXBuildFile; fileRef = A10000000000000000000012 /* ContentView.swift */; };
		A10000000000000000000003 /* EPlusRuntime.swift in Sources */ = {isa = PBXBuildFile; fileRef = A10000000000000000000013 /* EPlusRuntime.swift */; };
/* End PBXBuildFile section */

/* Begin PBXFileReference section */
		A10000000000000000000010 /* EPlusIOS.app */ = {isa = PBXFileReference; explicitFileType = wrapper.application; includeInIndex = 0; path = EPlusIOS.app; sourceTree = BUILT_PRODUCTS_DIR; };
		A10000000000000000000011 /* EPlusIOSApp.swift */ = {isa = PBXFileReference; lastKnownFileType = sourcecode.swift; path = EPlusIOSApp.swift; sourceTree = "<group>"; };
		A10000000000000000000012 /* ContentView.swift */ = {isa = PBXFileReference; lastKnownFileType = sourcecode.swift; path = ContentView.swift; sourceTree = "<group>"; };
		A10000000000000000000013 /* EPlusRuntime.swift */ = {isa = PBXFileReference; lastKnownFileType = sourcecode.swift; path = EPlusRuntime.swift; sourceTree = "<group>"; };
		A10000000000000000000014 /* Info.plist */ = {isa = PBXFileReference; lastKnownFileType = text.plist.xml; path = Info.plist; sourceTree = "<group>"; };
/* End PBXFileReference section */

/* Begin PBXFrameworksBuildPhase section */
		A10000000000000000000020 /* Frameworks */ = {isa = PBXFrameworksBuildPhase; buildActionMask = 2147483647; files = (); runOnlyForDeploymentPostprocessing = 0; };
/* End PBXFrameworksBuildPhase section */

/* Begin PBXGroup section */
		A10000000000000000000030 = {isa = PBXGroup; children = (A10000000000000000000031,A10000000000000000000032,A10000000000000000000033,A10000000000000000000014,); sourceTree = "<group>"; };
		A10000000000000000000031 /* EPlusIOS */ = {isa = PBXGroup; children = (A10000000000000000000011,A10000000000000000000012,A10000000000000000000013,); path = EPlusIOS; sourceTree = "<group>"; };
		A10000000000000000000032 /* Products */ = {isa = PBXGroup; children = (A10000000000000000000010,); name = Products; sourceTree = "<group>"; };
		A10000000000000000000033 /* Resources */ = {isa = PBXGroup; children = (); name = Resources; sourceTree = "<group>"; };
/* End PBXGroup section */

/* Begin PBXNativeTarget section */
		A10000000000000000000040 /* EPlusIOS */ = {
			isa = PBXNativeTarget;
			buildConfigurationList = A10000000000000000000060;
			buildPhases = (A10000000000000000000050,A10000000000000000000020,A10000000000000000000051,);
			buildRules = ();
			dependencies = ();
			name = EPlusIOS;
			productName = EPlusIOS;
			productReference = A10000000000000000000010;
			productType = "com.apple.product-type.application";
		};
/* End PBXNativeTarget section */

/* Begin PBXProject section */
		A10000000000000000000041 /* Project object */ = {
			isa = PBXProject;
			attributes = {
				LastSwiftUpdateCheck = 1600;
				LastUpgradeCheck = 1600;
				TargetAttributes = {
					A10000000000000000000040 = {
						CreatedOnToolsVersion = 16.0;
					};
				};
			};
			buildConfigurationList = A10000000000000000000061;
			compatibilityVersion = "Xcode 15.0";
			developmentRegion = en;
			hasScannedForEncodings = 0;
			knownRegions = (en,Base,);
			mainGroup = A10000000000000000000030;
			productRefGroup = A10000000000000000000032;
			projectDirPath = "";
			projectRoot = "";
			targets = (A10000000000000000000040,);
		};
/* End PBXProject section */

/* Begin PBXResourcesBuildPhase section */
		A10000000000000000000051 /* Resources */ = {isa = PBXResourcesBuildPhase; buildActionMask = 2147483647; files = (); runOnlyForDeploymentPostprocessing = 0; };
/* End PBXResourcesBuildPhase section */

/* Begin PBXSourcesBuildPhase section */
		A10000000000000000000050 /* Sources */ = {isa = PBXSourcesBuildPhase; buildActionMask = 2147483647; files = (A10000000000000000000001,A10000000000000000000002,A10000000000000000000003,); runOnlyForDeploymentPostprocessing = 0; };
/* End PBXSourcesBuildPhase section */

/* Begin XCBuildConfiguration section */
		A10000000000000000000070 /* Debug */ = {
			isa = XCBuildConfiguration;
			buildSettings = {
				ALWAYS_SEARCH_USER_PATHS = NO;
				CLANG_ENABLE_MODULES = YES;
				CODE_SIGN_STYLE = Automatic;
				DEVELOPMENT_TEAM = "";
				INFOPLIST_FILE = EPlusIOS/Info.plist;
				IPHONEOS_DEPLOYMENT_TARGET = 16.0;
				PRODUCT_BUNDLE_IDENTIFIER = dev.eplus.ios;
				PRODUCT_NAME = EPlusIOS;
				SWIFT_VERSION = 5.0;
				TARGETED_DEVICE_FAMILY = "1,2";
			};
			name = Debug;
		};
		A10000000000000000000071 /* Release */ = {
			isa = XCBuildConfiguration;
			buildSettings = {
				ALWAYS_SEARCH_USER_PATHS = NO;
				CLANG_ENABLE_MODULES = YES;
				CODE_SIGN_STYLE = Automatic;
				DEVELOPMENT_TEAM = "";
				INFOPLIST_FILE = EPlusIOS/Info.plist;
				IPHONEOS_DEPLOYMENT_TARGET = 16.0;
				PRODUCT_BUNDLE_IDENTIFIER = dev.eplus.ios;
				PRODUCT_NAME = EPlusIOS;
				SWIFT_OPTIMIZATION_LEVEL = "-O";
				SWIFT_VERSION = 5.0;
				TARGETED_DEVICE_FAMILY = "1,2";
			};
			name = Release;
		};
		A10000000000000000000072 /* Project Debug */ = {
			isa = XCBuildConfiguration;
			buildSettings = {
				ALWAYS_SEARCH_USER_PATHS = NO;
				CLANG_ENABLE_MODULES = YES;
				SWIFT_VERSION = 5.0;
			};
			name = Debug;
		};
		A10000000000000000000073 /* Project Release */ = {
			isa = XCBuildConfiguration;
			buildSettings = {
				ALWAYS_SEARCH_USER_PATHS = NO;
				CLANG_ENABLE_MODULES = YES;
				SWIFT_VERSION = 5.0;
			};
			name = Release;
		};
/* End XCBuildConfiguration section */

/* Begin XCConfigurationList section */
		A10000000000000000000060 /* Target Configuration */ = {
			isa = XCConfigurationList;
			buildConfigurations = (A10000000000000000000070,A10000000000000000000071,);
			defaultConfigurationIsVisible = 0;
			defaultConfigurationName = Release;
		};
		A10000000000000000000061 /* Project Configuration */ = {
			isa = XCConfigurationList;
			buildConfigurations = (A10000000000000000000072,A10000000000000000000073,);
			defaultConfigurationIsVisible = 0;
			defaultConfigurationName = Release;
		};
/* End XCConfigurationList section */
	};
	rootObject = A10000000000000000000041;
}
